<?xml version="1.0" encoding="utf-8"?>
<Project ToolsVersion="4.0" xmlns="http://schemas.microsoft.com/developer/msbuild/2003">
  <ItemGroup>
    <Filter Include="Common">
      <UniqueIdentifier>082c3c39-f5a7-4b56-bbbe-26644309bfa2</UniqueIdentifier>
    </Filter>
    <Filter Include="Assets">
      <UniqueIdentifier>e68b615a-7052-4c0e-906b-2257f2487a14</UniqueIdentifier>
      <Extensions>ico;cur;bmp;dds;dlg;fbx;rct;bin;rgs;gif;jpg;jpeg;jpe;resx;tga;tiff;tif;png;wav;mfcribbon-ms</Extensions>
    </Filter>
    <Filter Include="GameObject">
      <UniqueIdentifier>{40b8bd76-3fd4-458b-80b2-4044e9021d1f}</UniqueIdentifier>
    </Filter>
    <Filter Include="ItoLib">
      <UniqueIdentifier>{f00c3f20-3ba4-4b3a-a8bb-8d51d1439d68}</UniqueIdentifier>
    </Filter>
    <Filter Include="Scene">
      <UniqueIdentifier>{e8607489-49e4-4ee3-a158-4669e6cf3760}</UniqueIdentifier>
    </Filter>
    <Filter Include="Resources">
      <UniqueIdentifier>{97b9040f-0556-473f-940f-0a1c69c6b54e}</UniqueIdentifier>
    </Filter>
    <Filter Include="Resources\Shaders">
      <UniqueIdentifier>{71e48db0-8835-4595-b3ce-c2ce12549864}</UniqueIdentifier>
    </Filter>
    <Filter Include="Charactors">
      <UniqueIdentifier>{881cf129-8cbf-44a3-8ea8-95c6da029228}</UniqueIdentifier>
    </Filter>
    <Filter Include="Charactors\Player">
      <UniqueIdentifier>{2f8e583a-0300-4043-85b2-c301d1466d02}</UniqueIdentifier>
    </Filter>
    <Filter Include="Charactors\Enemy">
      <UniqueIdentifier>{528ce7ac-9d3b-4333-b8dd-7cc78c582f65}</UniqueIdentifier>
    </Filter>
    <Filter Include="Charactors\Task">
      <UniqueIdentifier>{fdc0b7f5-bf86-4d5a-982b-06f05f6c41b0}</UniqueIdentifier>
    </Filter>
  </ItemGroup>
  <ItemGroup>
    <ClInclude Include="pch.h" />
    <ClInclude Include="Game.h" />
    <ClInclude Include="StepTimer.h">
      <Filter>Common</Filter>
    </ClInclude>
    <ClInclude Include="DeviceResources.h">
      <Filter>Common</Filter>
    </ClInclude>
    <ClInclude Include="DebugDraw.h">
      <Filter>Common</Filter>
    </ClInclude>
    <ClInclude Include="Scene\ResultScene.h">
      <Filter>Scene</Filter>
    </ClInclude>
    <ClInclude Include="Scene\TitleScene.h">
      <Filter>Scene</Filter>
    </ClInclude>
    <ClInclude Include="Scene\PlayScene.h">
      <Filter>Scene</Filter>
    </ClInclude>
    <ClInclude Include="ItoLib\DebugCamera.h">
      <Filter>ItoLib</Filter>
    </ClInclude>
    <ClInclude Include="ItoLib\DebugFont.h">
      <Filter>ItoLib</Filter>
    </ClInclude>
    <ClInclude Include="ItoLib\DisplayCollision.h">
      <Filter>ItoLib</Filter>
    </ClInclude>
    <ClInclude Include="ItoLib\ResourceManager.h">
      <Filter>ItoLib</Filter>
    </ClInclude>
    <ClInclude Include="ItoLib\SceneManager.h">
      <Filter>ItoLib</Filter>
    </ClInclude>
    <ClInclude Include="ItoLib\TaskManager.h">
      <Filter>ItoLib</Filter>
    </ClInclude>
    <ClInclude Include="ItoLib\UserResources.h">
      <Filter>ItoLib</Filter>
    </ClInclude>
    <ClInclude Include="GameObject\Menu.h">
      <Filter>GameObject</Filter>
    </ClInclude>
    <ClInclude Include="GameObject\Particle.h">
      <Filter>GameObject</Filter>
    </ClInclude>
    <ClInclude Include="GameObject\UserInterface.h">
      <Filter>GameObject</Filter>
    </ClInclude>
    <ClInclude Include="ItoLib\GridFloor.h">
      <Filter>ItoLib</Filter>
    </ClInclude>
    <ClInclude Include="Charactor\Player\Player.h">
      <Filter>Charactors\Player</Filter>
    </ClInclude>
    <ClInclude Include="Charactor\Enemy\Enemy.h">
      <Filter>Charactors\Enemy</Filter>
    </ClInclude>
    <ClInclude Include="GameObject\FloorPrimitive.h">
      <Filter>GameObject</Filter>
    </ClInclude>
    <ClInclude Include="Charactor\Field.h">
      <Filter>Charactors</Filter>
    </ClInclude>
    <ClInclude Include="ItoLib\Camera.h">
      <Filter>ItoLib</Filter>
    </ClInclude>
    <ClInclude Include="ItoLib\GameCamera.h">
      <Filter>ItoLib</Filter>
    </ClInclude>
    <ClInclude Include="GameObject\MyBinalyFile.h">
      <Filter>GameObject</Filter>
    </ClInclude>
    <ClInclude Include="GameObject\TextureBillboard.h">
      <Filter>GameObject</Filter>
    </ClInclude>
    <ClInclude Include="Scene\LoadingScreen.h">
      <Filter>Scene</Filter>
    </ClInclude>
    <ClInclude Include="Charactor\ScoreManager.h">
      <Filter>Charactors</Filter>
    </ClInclude>
    <ClInclude Include="Charactor\Task\Number.h">
      <Filter>Charactors\Task</Filter>
    </ClInclude>
    <ClInclude Include="..\3DPG応用\3DPG_0\SpriteSheet.h" />
    <ClInclude Include="GameObject\TextureSprite.h">
      <Filter>GameObject</Filter>
    </ClInclude>
    <ClInclude Include="GameObject\TextureAlpha.h">
      <Filter>GameObject</Filter>
    </ClInclude>
    <ClInclude Include="Charactor\HPManager.h">
      <Filter>Charactors</Filter>
    </ClInclude>
    <ClInclude Include="GameObject\Gauge.h">
      <Filter>GameObject</Filter>
    </ClInclude>
    <ClInclude Include="GameObject\BinaryFile.h">
      <Filter>GameObject</Filter>
    </ClInclude>
  </ItemGroup>
  <ItemGroup>
    <ClCompile Include="pch.cpp" />
    <ClCompile Include="Game.cpp" />
    <ClCompile Include="Main.cpp" />
    <ClCompile Include="DeviceResources.cpp">
      <Filter>Common</Filter>
    </ClCompile>
    <ClCompile Include="DebugDraw.cpp">
      <Filter>Common</Filter>
    </ClCompile>
    <ClCompile Include="Scene\ResultScene.cpp">
      <Filter>Scene</Filter>
    </ClCompile>
    <ClCompile Include="Scene\TitleScene.cpp">
      <Filter>Scene</Filter>
    </ClCompile>
    <ClCompile Include="Scene\PlayScene.cpp">
      <Filter>Scene</Filter>
    </ClCompile>
    <ClCompile Include="ItoLib\DebugCamera.cpp">
      <Filter>ItoLib</Filter>
    </ClCompile>
    <ClCompile Include="ItoLib\DebugFont.cpp">
      <Filter>ItoLib</Filter>
    </ClCompile>
    <ClCompile Include="ItoLib\DisplayCollision.cpp">
      <Filter>ItoLib</Filter>
    </ClCompile>
    <ClCompile Include="ItoLib\ResourceManager.cpp">
      <Filter>ItoLib</Filter>
    </ClCompile>
    <ClCompile Include="ItoLib\TaskManager.cpp">
      <Filter>ItoLib</Filter>
    </ClCompile>
    <ClCompile Include="GameObject\Menu.cpp">
      <Filter>GameObject</Filter>
    </ClCompile>
    <ClCompile Include="GameObject\Particle.cpp">
      <Filter>GameObject</Filter>
    </ClCompile>
    <ClCompile Include="GameObject\UserInterface.cpp">
      <Filter>GameObject</Filter>
    </ClCompile>
    <ClCompile Include="ItoLib\GridFloor.cpp">
      <Filter>ItoLib</Filter>
    </ClCompile>
    <ClCompile Include="Charactor\Player\Player.cpp">
      <Filter>Charactors\Player</Filter>
    </ClCompile>
    <ClCompile Include="Charactor\Enemy\Enemy.cpp">
      <Filter>Charactors\Enemy</Filter>
    </ClCompile>
    <ClCompile Include="GameObject\FloorPrimitive.cpp">
      <Filter>GameObject</Filter>
    </ClCompile>
    <ClCompile Include="Charactor\Field.cpp">
      <Filter>Charactors</Filter>
    </ClCompile>
    <ClCompile Include="ItoLib\Camera.cpp">
      <Filter>ItoLib</Filter>
    </ClCompile>
    <ClCompile Include="ItoLib\GameCamera.cpp">
      <Filter>ItoLib</Filter>
    </ClCompile>
    <ClCompile Include="GameObject\MyBinalyFile.cpp">
      <Filter>GameObject</Filter>
    </ClCompile>
    <ClCompile Include="GameObject\TextureBillboard.cpp">
      <Filter>GameObject</Filter>
    </ClCompile>
    <ClCompile Include="Scene\LoadingScreen.cpp">
      <Filter>Scene</Filter>
    </ClCompile>
    <ClCompile Include="Charactor\ScoreManager.cpp">
      <Filter>Charactors</Filter>
    </ClCompile>
    <ClCompile Include="Charactor\Task\Number.cpp">
      <Filter>Charactors\Task</Filter>
    </ClCompile>
    <ClCompile Include="GameObject\TextureSprite.cpp">
      <Filter>GameObject</Filter>
    </ClCompile>
    <ClCompile Include="GameObject\TextureAlpha.cpp">
      <Filter>GameObject</Filter>
    </ClCompile>
    <ClCompile Include="Charactor\HPManager.cpp">
      <Filter>Charactors</Filter>
    </ClCompile>
    <ClCompile Include="GameObject\Gauge.cpp">
      <Filter>GameObject</Filter>
    </ClCompile>
    <ClCompile Include="GameObject\BinaryFile.cpp">
      <Filter>GameObject</Filter>
    </ClCompile>
  </ItemGroup>
  <ItemGroup>
    <ResourceCompile Include="resource.rc" />
  </ItemGroup>
  <ItemGroup>
    <Image Include="directx.ico">
      <Filter>Assets</Filter>
    </Image>
  </ItemGroup>
  <ItemGroup>
    <Manifest Include="settings.manifest">
      <Filter>Assets</Filter>
    </Manifest>
  </ItemGroup>
  <ItemGroup>
    <None Include="packages.config" />
    <None Include="Resources\Shaders\UI.hlsli">
      <Filter>Resources\Shaders</Filter>
    </None>
  </ItemGroup>
  <ItemGroup>
    <FxCompile Include="Resources\Shaders\ParticlePS.hlsl">
      <Filter>Resources\Shaders</Filter>
    </FxCompile>
    <FxCompile Include="Resources\Shaders\ParticleVS.hlsl">
      <Filter>Resources\Shaders</Filter>
    </FxCompile>
    <FxCompile Include="Resources\Shaders\UIGS.hlsl">
      <Filter>Resources\Shaders</Filter>
    </FxCompile>
    <FxCompile Include="Resources\Shaders\UIPS.hlsl">
      <Filter>Resources\Shaders</Filter>
    </FxCompile>
    <FxCompile Include="Resources\Shaders\UIVS.hlsl">
      <Filter>Resources\Shaders</Filter>
    </FxCompile>
    <FxCompile Include="Resources\Shaders\PixelShader.hlsl">
      <Filter>Resources\Shaders</Filter>
    </FxCompile>
  </ItemGroup>
</Project>